{
  "name": "file-rename",
  "version": "1.0.0",
  "lockfileVersion": 1,
  "requires": true,
  "dependencies": {
    "gar": {
      "version": "1.0.3",
      "resolved": "https://registry.npmjs.org/gar/-/gar-1.0.3.tgz",
      "integrity": "sha512-zDpwk/l3HbhjVAvdxNUTJFzgXiNy0a7EmE/50XT38o1z+7NJbFhp+8CDsv1Qgy2adBAwUVYlMpIX2fZUbmlUJw=="
    },
    "get-folder-size": {
      "version": "2.0.0",
      "resolved": "https://registry.npmjs.org/get-folder-size/-/get-folder-size-2.0.0.tgz",
      "integrity": "sha512-5h4efQY/sHvf9ZuwOan1HgNaRyApKnJjZ1ZdTOPkpTjIHZNqeMTabBU/LLN6lU9jncBwxJKFcG9cuqiGhu47uQ==",
      "requires": {
        "gar": "^1.0.2",
        "tiny-each-async": "2.0.3"
      }
    },
    "tiny-each-async": {
      "version": "2.0.3",
      "resolved": "https://registry.npmjs.org/tiny-each-async/-/tiny-each-async-2.0.3.tgz",
      "integrity": "sha1-jru/1tYpXxNwAD+7NxYq/loKUdE="
    }
  }
}
